<?xml version="1.0" encoding="utf-8"?>
<Project ToolsVersion="4.0" xmlns="http://schemas.microsoft.com/developer/msbuild/2003">
  <ItemGroup>
    <Filter Include="Source Files">
      <UniqueIdentifier>{4FC737F1-C7A5-4376-A066-2A32D752A2FF}</UniqueIdentifier>
      <Extensions>cpp;c;cc;cxx;def;odl;idl;hpj;bat;asm;asmx</Extensions>
    </Filter>
    <Filter Include="Header Files">
      <UniqueIdentifier>{93995380-89BD-4b04-88EB-625FBE52EBFB}</UniqueIdentifier>
      <Extensions>h;hh;hpp;hxx;hm;inl;inc;xsd</Extensions>
    </Filter>
    <Filter Include="Resource Files">
      <UniqueIdentifier>{67DA6AB6-F800-4c08-8B7A-83BB121AAD01}</UniqueIdentifier>
      <Extensions>rc;ico;cur;bmp;dlg;rc2;rct;bin;rgs;gif;jpg;jpeg;jpe;resx;tiff;tif;png;wav;mfcribbon-ms</Extensions>
    </Filter>
  </ItemGroup>
  <ItemGroup>
    <ClCompile Include="src\main.cpp">
      <Filter>Source Files</Filter>
    </ClCompile>
    <ClCompile Include="src\Display.cpp">
      <Filter>Source Files</Filter>
    </ClCompile>
    <ClCompile Include="src\Application.cpp">
      <Filter>Source Files</Filter>
    </ClCompile>
    <ClCompile Include="src\States\Playing.cpp">
      <Filter>Source Files</Filter>
    </ClCompile>
    <ClCompile Include="src\States\Game_State.cpp">
      <Filter>Source Files</Filter>
    </ClCompile>
    <ClCompile Include="src\Model.cpp">
      <Filter>Source Files</Filter>
    </ClCompile>
    <ClCompile Include="src\Shaders\Shader_Program.cpp">
      <Filter>Source Files</Filter>
    </ClCompile>
    <ClCompile Include="src\Shaders\Shader_Loader.cpp">
      <Filter>Source Files</Filter>
    </ClCompile>
    <ClCompile Include="src\Shaders\Simple_Shader.cpp">
      <Filter>Source Files</Filter>
    </ClCompile>
    <ClCompile Include="src\Texture\Texture.cpp">
      <Filter>Source Files</Filter>
    </ClCompile>
    <ClCompile Include="src\Renderer\Master.cpp">
      <Filter>Source Files</Filter>
    </ClCompile>
    <ClCompile Include="src\Renderer\Simple.cpp">
      <Filter>Source Files</Filter>
    </ClCompile>
    <ClCompile Include="src\Temp\Quad.cpp">
      <Filter>Source Files</Filter>
    </ClCompile>
    <ClCompile Include="src\Math\Matrix.cpp">
      <Filter>Source Files</Filter>
    </ClCompile>
    <ClCompile Include="src\Camera.cpp">
      <Filter>Source Files</Filter>
    </ClCompile>
    <ClCompile Include="src\Input\Input_Manager.cpp">
      <Filter>Source Files</Filter>
    </ClCompile>
    <ClCompile Include="src\Texture\Texture_Atlas.cpp">
      <Filter>Source Files</Filter>
    </ClCompile>
    <ClCompile Include="src\World\Block\Block_Data.cpp">
      <Filter>Source Files</Filter>
    </ClCompile>
    <ClCompile Include="src\World\Block\Block_Types\Block_Type.cpp">
      <Filter>Source Files</Filter>
    </ClCompile>
    <ClCompile Include="src\World\Block\Block_Types\Air.cpp">
      <Filter>Source Files</Filter>
    </ClCompile>
    <ClCompile Include="src\World\Block\Block_Types\Grass.cpp">
      <Filter>Source Files</Filter>
    </ClCompile>
    <ClCompile Include="src\World\Block\Block_Database.cpp">
      <Filter>Source Files</Filter>
    </ClCompile>
    <ClCompile Include="src\World\Chunk\Chunk.cpp">
      <Filter>Source Files</Filter>
    </ClCompile>
    <ClCompile Include="src\World\Chunk\Mesh.cpp">
      <Filter>Source Files</Filter>
    </ClCompile>
    <ClCompile Include="src\Renderer\Solid.cpp">
      <Filter>Source Files</Filter>
    </ClCompile>
  </ItemGroup>
  <ItemGroup>
    <ClInclude Include="src\Display.h">
      <Filter>Header Files</Filter>
    </ClInclude>
    <ClInclude Include="src\Application.h">
      <Filter>Header Files</Filter>
    </ClInclude>
    <ClInclude Include="src\States\Game_State.h">
      <Filter>Header Files</Filter>
    </ClInclude>
    <ClInclude Include="src\States\Playing.h">
      <Filter>Header Files</Filter>
    </ClInclude>
    <ClInclude Include="src\Model.h">
      <Filter>Header Files</Filter>
    </ClInclude>
    <ClInclude Include="src\Shaders\Shader_Program.h">
      <Filter>Header Files</Filter>
    </ClInclude>
    <ClInclude Include="src\Shaders\Shader_Loader.h">
      <Filter>Header Files</Filter>
    </ClInclude>
    <ClInclude Include="src\Shaders\Simple_Shader.h">
      <Filter>Header Files</Filter>
    </ClInclude>
    <ClInclude Include="src\Texture\Texture.h">
      <Filter>Header Files</Filter>
    </ClInclude>
    <ClInclude Include="src\Renderer\Master.h">
      <Filter>Header Files</Filter>
    </ClInclude>
    <ClInclude Include="src\Renderer\Simple.h">
      <Filter>Header Files</Filter>
    </ClInclude>
    <ClInclude Include="src\Entity.h">
      <Filter>Header Files</Filter>
    </ClInclude>
    <ClInclude Include="src\Glm_Common.h">
      <Filter>Header Files</Filter>
    </ClInclude>
    <ClInclude Include="src\Temp\Quad.h">
      <Filter>Header Files</Filter>
    </ClInclude>
    <ClInclude Include="src\Math\Matrix.h">
      <Filter>Header Files</Filter>
    </ClInclude>
    <ClInclude Include="src\Camera.h">
      <Filter>Header Files</Filter>
    </ClInclude>
    <ClInclude Include="src\Input\Input_Manager.h">
      <Filter>Header Files</Filter>
    </ClInclude>
    <ClInclude Include="src\Texture\Texture_Atlas.h">
      <Filter>Header Files</Filter>
    </ClInclude>
    <ClInclude Include="src\World\Block\Block_Data.h">
      <Filter>Header Files</Filter>
    </ClInclude>
    <ClInclude Include="src\World\Block\Block_Database.h">
      <Filter>Header Files</Filter>
    </ClInclude>
    <ClInclude Include="src\World\Block\Block_ID.h">
      <Filter>Header Files</Filter>
    </ClInclude>
    <ClInclude Include="src\World\Block\Block_Types\Block_Type.h">
      <Filter>Header Files</Filter>
    </ClInclude>
    <ClInclude Include="src\World\Block\Block_Types\Air.h">
      <Filter>Header Files</Filter>
    </ClInclude>
    <ClInclude Include="src\World\Block\Block_Types\Grass.h">
      <Filter>Header Files</Filter>
    </ClInclude>
    <ClInclude Include="src\World\Chunk\Chunk.h">
      <Filter>Header Files</Filter>
    </ClInclude>
    <ClInclude Include="src\World\Chunk\Mesh.h">
      <Filter>Header Files</Filter>
    </ClInclude>
    <ClInclude Include="src\World\WorldConstants.h">
      <Filter>Header Files</Filter>
    </ClInclude>
    <ClInclude Include="src\World\Chunk\PositionTypes.h">
      <Filter>Header Files</Filter>
    </ClInclude>
    <ClInclude Include="src\Renderer\Solid.h">
      <Filter>Header Files</Filter>
    </ClInclude>
  </ItemGroup>
  <ItemGroup>
    <None Include="Data\Shaders\Simple_Fragment.glsl" />
    <None Include="Data\Shaders\Simple_Vertex.glsl" />
    <None Include="Data\Blocks\Air.block" />
    <None Include="Data\Blocks\Grass.block" />
  </ItemGroup>
  <ItemGroup>
    <Image Include="Data\Textures\grass.png">
      <Filter>Resource Files</Filter>
    </Image>
    <Image Include="Data\Textures\Texture_Atlas.png">
      <Filter>Resource Files</Filter>
    </Image>
  </ItemGroup>
</Project>