<?xml version="1.0" encoding="utf-8"?>
<Project ToolsVersion="4.0" xmlns="http://schemas.microsoft.com/developer/msbuild/2003">
  <ItemGroup>
    <Filter Include="Source Files">
      <UniqueIdentifier>{4FC737F1-C7A5-4376-A066-2A32D752A2FF}</UniqueIdentifier>
      <Extensions>cpp;c;cc;cxx;def;odl;idl;hpj;bat;asm;asmx</Extensions>
    </Filter>
    <Filter Include="Header Files">
      <UniqueIdentifier>{93995380-89BD-4b04-88EB-625FBE52EBFB}</UniqueIdentifier>
      <Extensions>h;hh;hpp;hxx;hm;inl;inc;xsd</Extensions>
    </Filter>
    <Filter Include="Resource Files">
      <UniqueIdentifier>{67DA6AB6-F800-4c08-8B7A-83BB121AAD01}</UniqueIdentifier>
      <Extensions>rc;ico;cur;bmp;dlg;rc2;rct;bin;rgs;gif;jpg;jpeg;jpe;resx;tiff;tif;png;wav</Extensions>
    </Filter>
  </ItemGroup>
  <ItemGroup>
    <ClCompile Include="explotech\src\Application.cpp">
      <Filter>Source Files</Filter>
    </ClCompile>
    <ClCompile Include="explotech\src\Camera.cpp">
      <Filter>Source Files</Filter>
    </ClCompile>
    <ClCompile Include="explotech\src\Display.cpp">
      <Filter>Source Files</Filter>
    </ClCompile>
    <ClCompile Include="explotech\src\main.cpp">
      <Filter>Source Files</Filter>
    </ClCompile>
    <ClCompile Include="explotech\src\Model.cpp">
      <Filter>Source Files</Filter>
    </ClCompile>
    <ClCompile Include="explotech\src\input\Input_Manager.cpp">
      <Filter>Source Files</Filter>
    </ClCompile>
    <ClCompile Include="explotech\src\math\Matrix.cpp">
      <Filter>Source Files</Filter>
    </ClCompile>
    <ClCompile Include="explotech\src\renderer\Chunk_Renderer.cpp">
      <Filter>Source Files</Filter>
    </ClCompile>
    <ClCompile Include="explotech\src\renderer\Master_Renderer.cpp">
      <Filter>Source Files</Filter>
    </ClCompile>
    <ClCompile Include="explotech\src\renderer\Simple_Renderer.cpp">
      <Filter>Source Files</Filter>
    </ClCompile>
    <ClCompile Include="explotech\src\shaders\Shader_Loader.cpp">
      <Filter>Source Files</Filter>
    </ClCompile>
    <ClCompile Include="explotech\src\shaders\Shader_Program.cpp">
      <Filter>Source Files</Filter>
    </ClCompile>
    <ClCompile Include="explotech\src\shaders\Simple_Shader.cpp">
      <Filter>Source Files</Filter>
    </ClCompile>
    <ClCompile Include="explotech\src\states\Game_State.cpp">
      <Filter>Source Files</Filter>
    </ClCompile>
    <ClCompile Include="explotech\src\states\Playing.cpp">
      <Filter>Source Files</Filter>
    </ClCompile>
    <ClCompile Include="explotech\src\temp\Quad.cpp">
      <Filter>Source Files</Filter>
    </ClCompile>
    <ClCompile Include="explotech\src\texture\Texture.cpp">
      <Filter>Source Files</Filter>
    </ClCompile>
    <ClCompile Include="explotech\src\texture\Texture_Atlas.cpp">
      <Filter>Source Files</Filter>
    </ClCompile>
    <ClCompile Include="explotech\src\world\block\Block_Data.cpp">
      <Filter>Source Files</Filter>
    </ClCompile>
    <ClCompile Include="explotech\src\world\block\Block_Database.cpp">
      <Filter>Source Files</Filter>
    </ClCompile>
    <ClCompile Include="explotech\src\world\block\block_types\Air.cpp">
      <Filter>Source Files</Filter>
    </ClCompile>
    <ClCompile Include="explotech\src\world\block\block_types\Block_Type.cpp">
      <Filter>Source Files</Filter>
    </ClCompile>
    <ClCompile Include="explotech\src\world\block\block_types\Grass.cpp">
      <Filter>Source Files</Filter>
    </ClCompile>
    <ClCompile Include="explotech\src\world\chunk\Chunk.cpp">
      <Filter>Source Files</Filter>
    </ClCompile>
    <ClCompile Include="explotech\src\world\chunk\Mesh.cpp">
      <Filter>Source Files</Filter>
    </ClCompile>
    <ClCompile Include="explotech\src\world\chunk\World_Manager.cpp">
      <Filter>Source Files</Filter>
    </ClCompile>
  </ItemGroup>
  <ItemGroup>
    <ClInclude Include="explotech\src\Application.h">
      <Filter>Header Files</Filter>
    </ClInclude>
    <ClInclude Include="explotech\src\Camera.h">
      <Filter>Header Files</Filter>
    </ClInclude>
    <ClInclude Include="explotech\src\Display.h">
      <Filter>Header Files</Filter>
    </ClInclude>
    <ClInclude Include="explotech\src\Entity.h">
      <Filter>Header Files</Filter>
    </ClInclude>
    <ClInclude Include="explotech\src\Glm_Common.h">
      <Filter>Header Files</Filter>
    </ClInclude>
    <ClInclude Include="explotech\src\Model.h">
      <Filter>Header Files</Filter>
    </ClInclude>
    <ClInclude Include="explotech\src\input\Input_Manager.h">
      <Filter>Header Files</Filter>
    </ClInclude>
    <ClInclude Include="explotech\src\math\Matrix.h">
      <Filter>Header Files</Filter>
    </ClInclude>
    <ClInclude Include="explotech\src\renderer\Chunk_Renderer.h">
      <Filter>Header Files</Filter>
    </ClInclude>
    <ClInclude Include="explotech\src\renderer\Master_Renderer.h">
      <Filter>Header Files</Filter>
    </ClInclude>
    <ClInclude Include="explotech\src\renderer\Simple_Renderer.h">
      <Filter>Header Files</Filter>
    </ClInclude>
    <ClInclude Include="explotech\src\shaders\Shader_Loader.h">
      <Filter>Header Files</Filter>
    </ClInclude>
    <ClInclude Include="explotech\src\shaders\Shader_Program.h">
      <Filter>Header Files</Filter>
    </ClInclude>
    <ClInclude Include="explotech\src\shaders\Simple_Shader.h">
      <Filter>Header Files</Filter>
    </ClInclude>
    <ClInclude Include="explotech\src\states\Game_State.h">
      <Filter>Header Files</Filter>
    </ClInclude>
    <ClInclude Include="explotech\src\states\Playing.h">
      <Filter>Header Files</Filter>
    </ClInclude>
    <ClInclude Include="explotech\src\temp\Quad.h">
      <Filter>Header Files</Filter>
    </ClInclude>
    <ClInclude Include="explotech\src\texture\Texture.h">
      <Filter>Header Files</Filter>
    </ClInclude>
    <ClInclude Include="explotech\src\texture\Texture_Atlas.h">
      <Filter>Header Files</Filter>
    </ClInclude>
    <ClInclude Include="explotech\src\world\WorldConstants.h">
      <Filter>Header Files</Filter>
    </ClInclude>
    <ClInclude Include="explotech\src\world\block\Block_Data.h">
      <Filter>Header Files</Filter>
    </ClInclude>
    <ClInclude Include="explotech\src\world\block\Block_Database.h">
      <Filter>Header Files</Filter>
    </ClInclude>
    <ClInclude Include="explotech\src\world\block\Block_ID.h">
      <Filter>Header Files</Filter>
    </ClInclude>
    <ClInclude Include="explotech\src\world\block\block_types\Air.h">
      <Filter>Header Files</Filter>
    </ClInclude>
    <ClInclude Include="explotech\src\world\block\block_types\Block_Type.h">
      <Filter>Header Files</Filter>
    </ClInclude>
    <ClInclude Include="explotech\src\world\block\block_types\Grass.h">
      <Filter>Header Files</Filter>
    </ClInclude>
    <ClInclude Include="explotech\src\world\chunk\Chunk.h">
      <Filter>Header Files</Filter>
    </ClInclude>
    <ClInclude Include="explotech\src\world\chunk\Mesh.h">
      <Filter>Header Files</Filter>
    </ClInclude>
    <ClInclude Include="explotech\src\world\chunk\PositionTypes.h">
      <Filter>Header Files</Filter>
    </ClInclude>
    <ClInclude Include="explotech\src\world\chunk\World_Manager.h">
      <Filter>Header Files</Filter>
    </ClInclude>
    <ClInclude Include="explotech\src\world\generation\World_Generation_Manager.h">
      <Filter>Header Files</Filter>
    </ClInclude>
  </ItemGroup>
</Project>